
Microsoft Visual Studio Solution File, Format Version 12.00
# Visual Studio 15
VisualStudioVersion = 15.0.26730.15
MinimumVisualStudioVersion = 10.0.40219.1
Project("{FAE04EC0-301F-11D3-BF4B-00C04F79EFBC}") = "Prac3Vanessa.Android", "Prac3Vanessa\Prac3Vanessa.Android\Prac3Vanessa.Android.csproj", "{7AFE5E91-6E88-4143-8BED-25F8737FF874}"
EndProject
Project("{FAE04EC0-301F-11D3-BF4B-00C04F79EFBC}") = "Prac3Vanessa", "Prac3Vanessa\Prac3Vanessa\Prac3Vanessa.csproj", "{CFAA4E5A-05A8-4A0F-9273-57B9A169B2C8}"
EndProject
Project("{FAE04EC0-301F-11D3-BF4B-00C04F79EFBC}") = "Prac3Vanessa.UWP", "Prac3Vanessa\Prac3Vanessa.UWP\Prac3Vanessa.UWP.csproj", "{B8CC6772-4750-4B39-A018-5831223B7895}"
EndProject
Project("{FAE04EC0-301F-11D3-BF4B-00C04F79EFBC}") = "Prac3Vanessa.iOS", "Prac3Vanessa\Prac3Vanessa.iOS\Prac3Vanessa.iOS.csproj", "{6545B767-84E9-4821-B94E-378307EF8EA8}"
EndProject
Global
	GlobalSection(SolutionConfigurationPlatforms) = preSolution
		Ad-Hoc|Any CPU = Ad-Hoc|Any CPU
		Ad-Hoc|ARM = Ad-Hoc|ARM
		Ad-Hoc|iPhone = Ad-Hoc|iPhone
		Ad-Hoc|iPhoneSimulator = Ad-Hoc|iPhoneSimulator
		Ad-Hoc|x64 = Ad-Hoc|x64
		Ad-Hoc|x86 = Ad-Hoc|x86
		AppStore|Any CPU = AppStore|Any CPU
		AppStore|ARM = AppStore|ARM
		AppStore|iPhone = AppStore|iPhone
		AppStore|iPhoneSimulator = AppStore|iPhoneSimulator
		AppStore|x64 = AppStore|x64
		AppStore|x86 = AppStore|x86
		Debug|Any CPU = Debug|Any CPU
		Debug|ARM = Debug|ARM
		Debug|iPhone = Debug|iPhone
		Debug|iPhoneSimulator = Debug|iPhoneSimulator
		Debug|x64 = Debug|x64
		Debug|x86 = Debug|x86
		Release|Any CPU = Release|Any CPU
		Release|ARM = Release|ARM
		Release|iPhone = Release|iPhone
		Release|iPhoneSimulator = Release|iPhoneSimulator
		Release|x64 = Release|x64
		Release|x86 = Release|x86
	EndGlobalSection
	GlobalSection(ProjectConfigurationPlatforms) = postSolution
		{7AFE5E91-6E88-4143-8BED-25F8737FF874}.Ad-Hoc|Any CPU.ActiveCfg = Release|Any CPU
		{7AFE5E91-6E88-4143-8BED-25F8737FF874}.Ad-Hoc|Any CPU.Build.0 = Release|Any CPU
		{7AFE5E91-6E88-4143-8BED-25F8737FF874}.Ad-Hoc|Any CPU.Deploy.0 = Release|Any CPU
		{7AFE5E91-6E88-4143-8BED-25F8737FF874}.Ad-Hoc|ARM.ActiveCfg = Release|Any CPU
		{7AFE5E91-6E88-4143-8BED-25F8737FF874}.Ad-Hoc|ARM.Build.0 = Release|Any CPU
		{7AFE5E91-6E88-4143-8BED-25F8737FF874}.Ad-Hoc|ARM.Deploy.0 = Release|Any CPU
		{7AFE5E91-6E88-4143-8BED-25F8737FF874}.Ad-Hoc|iPhone.ActiveCfg = Release|Any CPU
		{7AFE5E91-6E88-4143-8BED-25F8737FF874}.Ad-Hoc|iPhone.Build.0 = Release|Any CPU
		{7AFE5E91-6E88-4143-8BED-25F8737FF874}.Ad-Hoc|iPhone.Deploy.0 = Release|Any CPU
		{7AFE5E91-6E88-4143-8BED-25F8737FF874}.Ad-Hoc|iPhoneSimulator.ActiveCfg = Release|Any CPU
		{7AFE5E91-6E88-4143-8BED-25F8737FF874}.Ad-Hoc|iPhoneSimulator.Build.0 = Release|Any CPU
		{7AFE5E91-6E88-4143-8BED-25F8737FF874}.Ad-Hoc|iPhoneSimulator.Deploy.0 = Release|Any CPU
		{7AFE5E91-6E88-4143-8BED-25F8737FF874}.Ad-Hoc|x64.ActiveCfg = Release|Any CPU
		{7AFE5E91-6E88-4143-8BED-25F8737FF874}.Ad-Hoc|x64.Build.0 = Release|Any CPU
		{7AFE5E91-6E88-4143-8BED-25F8737FF874}.Ad-Hoc|x64.Deploy.0 = Release|Any CPU
		{7AFE5E91-6E88-4143-8BED-25F8737FF874}.Ad-Hoc|x86.ActiveCfg = Release|Any CPU
		{7AFE5E91-6E88-4143-8BED-25F8737FF874}.Ad-Hoc|x86.Build.0 = Release|Any CPU
		{7AFE5E91-6E88-4143-8BED-25F8737FF874}.Ad-Hoc|x86.Deploy.0 = Release|Any CPU
		{7AFE5E91-6E88-4143-8BED-25F8737FF874}.AppStore|Any CPU.ActiveCfg = Release|Any CPU
		{7AFE5E91-6E88-4143-8BED-25F8737FF874}.AppStore|Any CPU.Build.0 = Release|Any CPU
		{7AFE5E91-6E88-4143-8BED-25F8737FF874}.AppStore|Any CPU.Deploy.0 = Release|Any CPU
		{7AFE5E91-6E88-4143-8BED-25F8737FF874}.AppStore|ARM.ActiveCfg = Release|Any CPU
		{7AFE5E91-6E88-4143-8BED-25F8737FF874}.AppStore|ARM.Build.0 = Release|Any CPU
		{7AFE5E91-6E88-4143-8BED-25F8737FF874}.AppStore|ARM.Deploy.0 = Release|Any CPU
		{7AFE5E91-6E88-4143-8BED-25F8737FF874}.AppStore|iPhone.ActiveCfg = Release|Any CPU
		{7AFE5E91-6E88-4143-8BED-25F8737FF874}.AppStore|iPhone.Build.0 = Release|Any CPU
		{7AFE5E91-6E88-4143-8BED-25F8737FF874}.AppStore|iPhone.Deploy.0 = Release|Any CPU
		{7AFE5E91-6E88-4143-8BED-25F8737FF874}.AppStore|iPhoneSimulator.ActiveCfg = Release|Any CPU
		{7AFE5E91-6E88-4143-8BED-25F8737FF874}.AppStore|iPhoneSimulator.Build.0 = Release|Any CPU
		{7AFE5E91-6E88-4143-8BED-25F8737FF874}.AppStore|iPhoneSimulator.Deploy.0 = Release|Any CPU
		{7AFE5E91-6E88-4143-8BED-25F8737FF874}.AppStore|x64.ActiveCfg = Release|Any CPU
		{7AFE5E91-6E88-4143-8BED-25F8737FF874}.AppStore|x64.Build.0 = Release|Any CPU
		{7AFE5E91-6E88-4143-8BED-25F8737FF874}.AppStore|x64.Deploy.0 = Release|Any CPU
		{7AFE5E91-6E88-4143-8BED-25F8737FF874}.AppStore|x86.ActiveCfg = Release|Any CPU
		{7AFE5E91-6E88-4143-8BED-25F8737FF874}.AppStore|x86.Build.0 = Release|Any CPU
		{7AFE5E91-6E88-4143-8BED-25F8737FF874}.AppStore|x86.Deploy.0 = Release|Any CPU
		{7AFE5E91-6E88-4143-8BED-25F8737FF874}.Debug|Any CPU.ActiveCfg = Debug|Any CPU
		{7AFE5E91-6E88-4143-8BED-25F8737FF874}.Debug|Any CPU.Build.0 = Debug|Any CPU
		{7AFE5E91-6E88-4143-8BED-25F8737FF874}.Debug|Any CPU.Deploy.0 = Debug|Any CPU
		{7AFE5E91-6E88-4143-8BED-25F8737FF874}.Debug|ARM.ActiveCfg = Debug|Any CPU
		{7AFE5E91-6E88-4143-8BED-25F8737FF874}.Debug|ARM.Build.0 = Debug|Any CPU
		{7AFE5E91-6E88-4143-8BED-25F8737FF874}.Debug|ARM.Deploy.0 = Debug|Any CPU
		{7AFE5E91-6E88-4143-8BED-25F8737FF874}.Debug|iPhone.ActiveCfg = Debug|Any CPU
		{7AFE5E91-6E88-4143-8BED-25F8737FF874}.Debug|iPhone.Build.0 = Debug|Any CPU
		{7AFE5E91-6E88-4143-8BED-25F8737FF874}.Debug|iPhone.Deploy.0 = Debug|Any CPU
		{7AFE5E91-6E88-4143-8BED-25F8737FF874}.Debug|iPhoneSimulator.ActiveCfg = Debug|Any CPU
		{7AFE5E91-6E88-4143-8BED-25F8737FF874}.Debug|iPhoneSimulator.Build.0 = Debug|Any CPU
		{7AFE5E91-6E88-4143-8BED-25F8737FF874}.Debug|iPhoneSimulator.Deploy.0 = Debug|Any CPU
		{7AFE5E91-6E88-4143-8BED-25F8737FF874}.Debug|x64.ActiveCfg = Debug|Any CPU
		{7AFE5E91-6E88-4143-8BED-25F8737FF874}.Debug|x64.Build.0 = Debug|Any CPU
		{7AFE5E91-6E88-4143-8BED-25F8737FF874}.Debug|x64.Deploy.0 = Debug|Any CPU
		{7AFE5E91-6E88-4143-8BED-25F8737FF874}.Debug|x86.ActiveCfg = Debug|Any CPU
		{7AFE5E91-6E88-4143-8BED-25F8737FF874}.Debug|x86.Build.0 = Debug|Any CPU
		{7AFE5E91-6E88-4143-8BED-25F8737FF874}.Debug|x86.Deploy.0 = Debug|Any CPU
		{7AFE5E91-6E88-4143-8BED-25F8737FF874}.Release|Any CPU.ActiveCfg = Release|Any CPU
		{7AFE5E91-6E88-4143-8BED-25F8737FF874}.Release|Any CPU.Build.0 = Release|Any CPU
		{7AFE5E91-6E88-4143-8BED-25F8737FF874}.Release|Any CPU.Deploy.0 = Release|Any CPU
		{7AFE5E91-6E88-4143-8BED-25F8737FF874}.Release|ARM.ActiveCfg = Release|Any CPU
		{7AFE5E91-6E88-4143-8BED-25F8737FF874}.Release|ARM.Build.0 = Release|Any CPU
		{7AFE5E91-6E88-4143-8BED-25F8737FF874}.Release|ARM.Deploy.0 = Release|Any CPU
		{7AFE5E91-6E88-4143-8BED-25F8737FF874}.Release|iPhone.ActiveCfg = Release|Any CPU
		{7AFE5E91-6E88-4143-8BED-25F8737FF874}.Release|iPhone.Build.0 = Release|Any CPU
		{7AFE5E91-6E88-4143-8BED-25F8737FF874}.Release|iPhone.Deploy.0 = Release|Any CPU
		{7AFE5E91-6E88-4143-8BED-25F8737FF874}.Release|iPhoneSimulator.ActiveCfg = Release|Any CPU
		{7AFE5E91-6E88-4143-8BED-25F8737FF874}.Release|iPhoneSimulator.Build.0 = Release|Any CPU
		{7AFE5E91-6E88-4143-8BED-25F8737FF874}.Release|iPhoneSimulator.Deploy.0 = Release|Any CPU
		{7AFE5E91-6E88-4143-8BED-25F8737FF874}.Release|x64.ActiveCfg = Release|Any CPU
		{7AFE5E91-6E88-4143-8BED-25F8737FF874}.Release|x64.Build.0 = Release|Any CPU
		{7AFE5E91-6E88-4143-8BED-25F8737FF874}.Release|x64.Deploy.0 = Release|Any CPU
		{7AFE5E91-6E88-4143-8BED-25F8737FF874}.Release|x86.ActiveCfg = Release|Any CPU
		{7AFE5E91-6E88-4143-8BED-25F8737FF874}.Release|x86.Build.0 = Release|Any CPU
		{7AFE5E91-6E88-4143-8BED-25F8737FF874}.Release|x86.Deploy.0 = Release|Any CPU
		{CFAA4E5A-05A8-4A0F-9273-57B9A169B2C8}.Ad-Hoc|Any CPU.ActiveCfg = Release|Any CPU
		{CFAA4E5A-05A8-4A0F-9273-57B9A169B2C8}.Ad-Hoc|Any CPU.Build.0 = Release|Any CPU
		{CFAA4E5A-05A8-4A0F-9273-57B9A169B2C8}.Ad-Hoc|ARM.ActiveCfg = Release|Any CPU
		{CFAA4E5A-05A8-4A0F-9273-57B9A169B2C8}.Ad-Hoc|ARM.Build.0 = Release|Any CPU
		{CFAA4E5A-05A8-4A0F-9273-57B9A169B2C8}.Ad-Hoc|iPhone.ActiveCfg = Release|Any CPU
		{CFAA4E5A-05A8-4A0F-9273-57B9A169B2C8}.Ad-Hoc|iPhone.Build.0 = Release|Any CPU
		{CFAA4E5A-05A8-4A0F-9273-57B9A169B2C8}.Ad-Hoc|iPhoneSimulator.ActiveCfg = Release|Any CPU
		{CFAA4E5A-05A8-4A0F-9273-57B9A169B2C8}.Ad-Hoc|iPhoneSimulator.Build.0 = Release|Any CPU
		{CFAA4E5A-05A8-4A0F-9273-57B9A169B2C8}.Ad-Hoc|x64.ActiveCfg = Release|Any CPU
		{CFAA4E5A-05A8-4A0F-9273-57B9A169B2C8}.Ad-Hoc|x64.Build.0 = Release|Any CPU
		{CFAA4E5A-05A8-4A0F-9273-57B9A169B2C8}.Ad-Hoc|x86.ActiveCfg = Release|Any CPU
		{CFAA4E5A-05A8-4A0F-9273-57B9A169B2C8}.Ad-Hoc|x86.Build.0 = Release|Any CPU
		{CFAA4E5A-05A8-4A0F-9273-57B9A169B2C8}.AppStore|Any CPU.ActiveCfg = Release|Any CPU
		{CFAA4E5A-05A8-4A0F-9273-57B9A169B2C8}.AppStore|Any CPU.Build.0 = Release|Any CPU
		{CFAA4E5A-05A8-4A0F-9273-57B9A169B2C8}.AppStore|ARM.ActiveCfg = Release|Any CPU
		{CFAA4E5A-05A8-4A0F-9273-57B9A169B2C8}.AppStore|ARM.Build.0 = Release|Any CPU
		{CFAA4E5A-05A8-4A0F-9273-57B9A169B2C8}.AppStore|iPhone.ActiveCfg = Release|Any CPU
		{CFAA4E5A-05A8-4A0F-9273-57B9A169B2C8}.AppStore|iPhone.Build.0 = Release|Any CPU
		{CFAA4E5A-05A8-4A0F-9273-57B9A169B2C8}.AppStore|iPhoneSimulator.ActiveCfg = Release|Any CPU
		{CFAA4E5A-05A8-4A0F-9273-57B9A169B2C8}.AppStore|iPhoneSimulator.Build.0 = Release|Any CPU
		{CFAA4E5A-05A8-4A0F-9273-57B9A169B2C8}.AppStore|x64.ActiveCfg = Release|Any CPU
		{CFAA4E5A-05A8-4A0F-9273-57B9A169B2C8}.AppStore|x64.Build.0 = Release|Any CPU
		{CFAA4E5A-05A8-4A0F-9273-57B9A169B2C8}.AppStore|x86.ActiveCfg = Release|Any CPU
		{CFAA4E5A-05A8-4A0F-9273-57B9A169B2C8}.AppStore|x86.Build.0 = Release|Any CPU
		{CFAA4E5A-05A8-4A0F-9273-57B9A169B2C8}.Debug|Any CPU.ActiveCfg = Debug|Any CPU
		{CFAA4E5A-05A8-4A0F-9273-57B9A169B2C8}.Debug|Any CPU.Build.0 = Debug|Any CPU
		{CFAA4E5A-05A8-4A0F-9273-57B9A169B2C8}.Debug|ARM.ActiveCfg = Debug|Any CPU
		{CFAA4E5A-05A8-4A0F-9273-57B9A169B2C8}.Debug|ARM.Build.0 = Debug|Any CPU
		{CFAA4E5A-05A8-4A0F-9273-57B9A169B2C8}.Debug|iPhone.ActiveCfg = Debug|Any CPU
		{CFAA4E5A-05A8-4A0F-9273-57B9A169B2C8}.Debug|iPhone.Build.0 = Debug|Any CPU
		{CFAA4E5A-05A8-4A0F-9273-57B9A169B2C8}.Debug|iPhoneSimulator.ActiveCfg = Debug|Any CPU
		{CFAA4E5A-05A8-4A0F-9273-57B9A169B2C8}.Debug|iPhoneSimulator.Build.0 = Debug|Any CPU
		{CFAA4E5A-05A8-4A0F-9273-57B9A169B2C8}.Debug|x64.ActiveCfg = Debug|Any CPU
		{CFAA4E5A-05A8-4A0F-9273-57B9A169B2C8}.Debug|x64.Build.0 = Debug|Any CPU
		{CFAA4E5A-05A8-4A0F-9273-57B9A169B2C8}.Debug|x86.ActiveCfg = Debug|Any CPU
		{CFAA4E5A-05A8-4A0F-9273-57B9A169B2C8}.Debug|x86.Build.0 = Debug|Any CPU
		{CFAA4E5A-05A8-4A0F-9273-57B9A169B2C8}.Release|Any CPU.ActiveCfg = Release|Any CPU
		{CFAA4E5A-05A8-4A0F-9273-57B9A169B2C8}.Release|Any CPU.Build.0 = Release|Any CPU
		{CFAA4E5A-05A8-4A0F-9273-57B9A169B2C8}.Release|ARM.ActiveCfg = Release|Any CPU
		{CFAA4E5A-05A8-4A0F-9273-57B9A169B2C8}.Release|ARM.Build.0 = Release|Any CPU
		{CFAA4E5A-05A8-4A0F-9273-57B9A169B2C8}.Release|iPhone.ActiveCfg = Release|Any CPU
		{CFAA4E5A-05A8-4A0F-9273-57B9A169B2C8}.Release|iPhone.Build.0 = Release|Any CPU
		{CFAA4E5A-05A8-4A0F-9273-57B9A169B2C8}.Release|iPhoneSimulator.ActiveCfg = Release|Any CPU
		{CFAA4E5A-05A8-4A0F-9273-57B9A169B2C8}.Release|iPhoneSimulator.Build.0 = Release|Any CPU
		{CFAA4E5A-05A8-4A0F-9273-57B9A169B2C8}.Release|x64.ActiveCfg = Release|Any CPU
		{CFAA4E5A-05A8-4A0F-9273-57B9A169B2C8}.Release|x64.Build.0 = Release|Any CPU
		{CFAA4E5A-05A8-4A0F-9273-57B9A169B2C8}.Release|x86.ActiveCfg = Release|Any CPU
		{CFAA4E5A-05A8-4A0F-9273-57B9A169B2C8}.Release|x86.Build.0 = Release|Any CPU
		{B8CC6772-4750-4B39-A018-5831223B7895}.Ad-Hoc|Any CPU.ActiveCfg = Release|x86
		{B8CC6772-4750-4B39-A018-5831223B7895}.Ad-Hoc|Any CPU.Build.0 = Release|x86
		{B8CC6772-4750-4B39-A018-5831223B7895}.Ad-Hoc|Any CPU.Deploy.0 = Release|x86
		{B8CC6772-4750-4B39-A018-5831223B7895}.Ad-Hoc|ARM.ActiveCfg = Release|ARM
		{B8CC6772-4750-4B39-A018-5831223B7895}.Ad-Hoc|ARM.Build.0 = Release|ARM
		{B8CC6772-4750-4B39-A018-5831223B7895}.Ad-Hoc|ARM.Deploy.0 = Release|ARM
		{B8CC6772-4750-4B39-A018-5831223B7895}.Ad-Hoc|iPhone.ActiveCfg = Release|x86
		{B8CC6772-4750-4B39-A018-5831223B7895}.Ad-Hoc|iPhone.Build.0 = Release|x86
		{B8CC6772-4750-4B39-A018-5831223B7895}.Ad-Hoc|iPhone.Deploy.0 = Release|x86
		{B8CC6772-4750-4B39-A018-5831223B7895}.Ad-Hoc|iPhoneSimulator.ActiveCfg = Release|x86
		{B8CC6772-4750-4B39-A018-5831223B7895}.Ad-Hoc|iPhoneSimulator.Build.0 = Release|x86
		{B8CC6772-4750-4B39-A018-5831223B7895}.Ad-Hoc|iPhoneSimulator.Deploy.0 = Release|x86
		{B8CC6772-4750-4B39-A018-5831223B7895}.Ad-Hoc|x64.ActiveCfg = Release|x64
		{B8CC6772-4750-4B39-A018-5831223B7895}.Ad-Hoc|x64.Build.0 = Release|x64
		{B8CC6772-4750-4B39-A018-5831223B7895}.Ad-Hoc|x64.Deploy.0 = Release|x64
		{B8CC6772-4750-4B39-A018-5831223B7895}.Ad-Hoc|x86.ActiveCfg = Release|x86
		{B8CC6772-4750-4B39-A018-5831223B7895}.Ad-Hoc|x86.Build.0 = Release|x86
		{B8CC6772-4750-4B39-A018-5831223B7895}.Ad-Hoc|x86.Deploy.0 = Release|x86
		{B8CC6772-4750-4B39-A018-5831223B7895}.AppStore|Any CPU.ActiveCfg = Release|x86
		{B8CC6772-4750-4B39-A018-5831223B7895}.AppStore|Any CPU.Build.0 = Release|x86
		{B8CC6772-4750-4B39-A018-5831223B7895}.AppStore|Any CPU.Deploy.0 = Release|x86
		{B8CC6772-4750-4B39-A018-5831223B7895}.AppStore|ARM.ActiveCfg = Release|ARM
		{B8CC6772-4750-4B39-A018-5831223B7895}.AppStore|ARM.Build.0 = Release|ARM
		{B8CC6772-4750-4B39-A018-5831223B7895}.AppStore|ARM.Deploy.0 = Release|ARM
		{B8CC6772-4750-4B39-A018-5831223B7895}.AppStore|iPhone.ActiveCfg = Release|x86
		{B8CC6772-4750-4B39-A018-5831223B7895}.AppStore|iPhone.Build.0 = Release|x86
		{B8CC6772-4750-4B39-A018-5831223B7895}.AppStore|iPhone.Deploy.0 = Release|x86
		{B8CC6772-4750-4B39-A018-5831223B7895}.AppStore|iPhoneSimulator.ActiveCfg = Release|x86
		{B8CC6772-4750-4B39-A018-5831223B7895}.AppStore|iPhoneSimulator.Build.0 = Release|x86
		{B8CC6772-4750-4B39-A018-5831223B7895}.AppStore|iPhoneSimulator.Deploy.0 = Release|x86
		{B8CC6772-4750-4B39-A018-5831223B7895}.AppStore|x64.ActiveCfg = Release|x64
		{B8CC6772-4750-4B39-A018-5831223B7895}.AppStore|x64.Build.0 = Release|x64
		{B8CC6772-4750-4B39-A018-5831223B7895}.AppStore|x64.Deploy.0 = Release|x64
		{B8CC6772-4750-4B39-A018-5831223B7895}.AppStore|x86.ActiveCfg = Release|x86
		{B8CC6772-4750-4B39-A018-5831223B7895}.AppStore|x86.Build.0 = Release|x86
		{B8CC6772-4750-4B39-A018-5831223B7895}.AppStore|x86.Deploy.0 = Release|x86
		{B8CC6772-4750-4B39-A018-5831223B7895}.Debug|Any CPU.ActiveCfg = Debug|x86
		{B8CC6772-4750-4B39-A018-5831223B7895}.Debug|ARM.ActiveCfg = Debug|ARM
		{B8CC6772-4750-4B39-A018-5831223B7895}.Debug|ARM.Build.0 = Debug|ARM
		{B8CC6772-4750-4B39-A018-5831223B7895}.Debug|ARM.Deploy.0 = Debug|ARM
		{B8CC6772-4750-4B39-A018-5831223B7895}.Debug|iPhone.ActiveCfg = Debug|x86
		{B8CC6772-4750-4B39-A018-5831223B7895}.Debug|iPhoneSimulator.ActiveCfg = Debug|x86
		{B8CC6772-4750-4B39-A018-5831223B7895}.Debug|x64.ActiveCfg = Debug|x64
		{B8CC6772-4750-4B39-A018-5831223B7895}.Debug|x64.Build.0 = Debug|x64
		{B8CC6772-4750-4B39-A018-5831223B7895}.Debug|x64.Deploy.0 = Debug|x64
		{B8CC6772-4750-4B39-A018-5831223B7895}.Debug|x86.ActiveCfg = Debug|x86
		{B8CC6772-4750-4B39-A018-5831223B7895}.Debug|x86.Build.0 = Debug|x86
		{B8CC6772-4750-4B39-A018-5831223B7895}.Debug|x86.Deploy.0 = Debug|x86
		{B8CC6772-4750-4B39-A018-5831223B7895}.Release|Any CPU.ActiveCfg = Release|x86
		{B8CC6772-4750-4B39-A018-5831223B7895}.Release|ARM.ActiveCfg = Release|ARM
		{B8CC6772-4750-4B39-A018-5831223B7895}.Release|ARM.Build.0 = Release|ARM
		{B8CC6772-4750-4B39-A018-5831223B7895}.Release|ARM.Deploy.0 = Release|ARM
		{B8CC6772-4750-4B39-A018-5831223B7895}.Release|iPhone.ActiveCfg = Release|x86
		{B8CC6772-4750-4B39-A018-5831223B7895}.Release|iPhoneSimulator.ActiveCfg = Release|x86
		{B8CC6772-4750-4B39-A018-5831223B7895}.Release|x64.ActiveCfg = Release|x64
		{B8CC6772-4750-4B39-A018-5831223B7895}.Release|x64.Build.0 = Release|x64
		{B8CC6772-4750-4B39-A018-5831223B7895}.Release|x64.Deploy.0 = Release|x64
		{B8CC6772-4750-4B39-A018-5831223B7895}.Release|x86.ActiveCfg = Release|x86
		{B8CC6772-4750-4B39-A018-5831223B7895}.Release|x86.Build.0 = Release|x86
		{B8CC6772-4750-4B39-A018-5831223B7895}.Release|x86.Deploy.0 = Release|x86
		{6545B767-84E9-4821-B94E-378307EF8EA8}.Ad-Hoc|Any CPU.ActiveCfg = Ad-Hoc|iPhone
		{6545B767-84E9-4821-B94E-378307EF8EA8}.Ad-Hoc|ARM.ActiveCfg = Ad-Hoc|iPhone
		{6545B767-84E9-4821-B94E-378307EF8EA8}.Ad-Hoc|iPhone.ActiveCfg = Ad-Hoc|iPhone
		{6545B767-84E9-4821-B94E-378307EF8EA8}.Ad-Hoc|iPhone.Build.0 = Ad-Hoc|iPhone
		{6545B767-84E9-4821-B94E-378307EF8EA8}.Ad-Hoc|iPhoneSimulator.ActiveCfg = Ad-Hoc|iPhoneSimulator
		{6545B767-84E9-4821-B94E-378307EF8EA8}.Ad-Hoc|iPhoneSimulator.Build.0 = Ad-Hoc|iPhoneSimulator
		{6545B767-84E9-4821-B94E-378307EF8EA8}.Ad-Hoc|x64.ActiveCfg = Ad-Hoc|iPhone
		{6545B767-84E9-4821-B94E-378307EF8EA8}.Ad-Hoc|x86.ActiveCfg = Ad-Hoc|iPhone
		{6545B767-84E9-4821-B94E-378307EF8EA8}.AppStore|Any CPU.ActiveCfg = AppStore|iPhone
		{6545B767-84E9-4821-B94E-378307EF8EA8}.AppStore|ARM.ActiveCfg = AppStore|iPhone
		{6545B767-84E9-4821-B94E-378307EF8EA8}.AppStore|iPhone.ActiveCfg = AppStore|iPhone
		{6545B767-84E9-4821-B94E-378307EF8EA8}.AppStore|iPhone.Build.0 = AppStore|iPhone
		{6545B767-84E9-4821-B94E-378307EF8EA8}.AppStore|iPhoneSimulator.ActiveCfg = AppStore|iPhoneSimulator
		{6545B767-84E9-4821-B94E-378307EF8EA8}.AppStore|iPhoneSimulator.Build.0 = AppStore|iPhoneSimulator
		{6545B767-84E9-4821-B94E-378307EF8EA8}.AppStore|x64.ActiveCfg = AppStore|iPhone
		{6545B767-84E9-4821-B94E-378307EF8EA8}.AppStore|x86.ActiveCfg = AppStore|iPhone
		{6545B767-84E9-4821-B94E-378307EF8EA8}.Debug|Any CPU.ActiveCfg = Debug|iPhone
		{6545B767-84E9-4821-B94E-378307EF8EA8}.Debug|ARM.ActiveCfg = Debug|iPhone
		{6545B767-84E9-4821-B94E-378307EF8EA8}.Debug|iPhone.ActiveCfg = Debug|iPhone
		{6545B767-84E9-4821-B94E-378307EF8EA8}.Debug|iPhone.Build.0 = Debug|iPhone
		{6545B767-84E9-4821-B94E-378307EF8EA8}.Debug|iPhoneSimulator.ActiveCfg = Debug|iPhoneSimulator
		{6545B767-84E9-4821-B94E-378307EF8EA8}.Debug|iPhoneSimulator.Build.0 = Debug|iPhoneSimulator
		{6545B767-84E9-4821-B94E-378307EF8EA8}.Debug|x64.ActiveCfg = Debug|iPhone
		{6545B767-84E9-4821-B94E-378307EF8EA8}.Debug|x86.ActiveCfg = Debug|iPhone
		{6545B767-84E9-4821-B94E-378307EF8EA8}.Release|Any CPU.ActiveCfg = Release|iPhone
		{6545B767-84E9-4821-B94E-378307EF8EA8}.Release|ARM.ActiveCfg = Release|iPhone
		{6545B767-84E9-4821-B94E-378307EF8EA8}.Release|iPhone.ActiveCfg = Release|iPhone
		{6545B767-84E9-4821-B94E-378307EF8EA8}.Release|iPhone.Build.0 = Release|iPhone
		{6545B767-84E9-4821-B94E-378307EF8EA8}.Release|iPhoneSimulator.ActiveCfg = Release|iPhoneSimulator
		{6545B767-84E9-4821-B94E-378307EF8EA8}.Release|iPhoneSimulator.Build.0 = Release|iPhoneSimulator
		{6545B767-84E9-4821-B94E-378307EF8EA8}.Release|x64.ActiveCfg = Release|iPhone
		{6545B767-84E9-4821-B94E-378307EF8EA8}.Release|x86.ActiveCfg = Release|iPhone
	EndGlobalSection
	GlobalSection(SolutionProperties) = preSolution
		HideSolutionNode = FALSE
	EndGlobalSection
	GlobalSection(ExtensibilityGlobals) = postSolution
		SolutionGuid = {F813F328-6F63-44EE-A747-1B650CE02C30}
	EndGlobalSection
EndGlobal
